// !$*UTF8*$!
{
	archiveVersion = 1;
	classes = {
	};
	objectVersion = 56;
	objects = {

/* Begin PBXBuildFile section */
		649D47192AE0527800067E02 /* NetworkManager.swift in Sources */ = {isa = PBXBuildFile; fileRef = 649D47182AE0527800067E02 /* NetworkManager.swift */; };
		649D471B2AE052DA00067E02 /* Constants.swift in Sources */ = {isa = PBXBuildFile; fileRef = 649D471A2AE052DA00067E02 /* Constants.swift */; };
		649D471E2AE05C4B00067E02 /* UIView+Ext.swift in Sources */ = {isa = PBXBuildFile; fileRef = 649D471D2AE05C4B00067E02 /* UIView+Ext.swift */; };
		649D47212AE05D9D00067E02 /* PokemonCell.swift in Sources */ = {isa = PBXBuildFile; fileRef = 649D47202AE05D9D00067E02 /* PokemonCell.swift */; };
		649D47232AE0828D00067E02 /* PokemonDetailController.swift in Sources */ = {isa = PBXBuildFile; fileRef = 649D47222AE0828D00067E02 /* PokemonDetailController.swift */; };
		649D47252AE082A700067E02 /* PokemonDetailViewModel.swift in Sources */ = {isa = PBXBuildFile; fileRef = 649D47242AE082A700067E02 /* PokemonDetailViewModel.swift */; };
		64FB61932ADDD46C00847ACE /* AppDelegate.swift in Sources */ = {isa = PBXBuildFile; fileRef = 64FB61922ADDD46C00847ACE /* AppDelegate.swift */; };
		64FB61952ADDD46C00847ACE /* SceneDelegate.swift in Sources */ = {isa = PBXBuildFile; fileRef = 64FB61942ADDD46C00847ACE /* SceneDelegate.swift */; };
		64FB61972ADDD46C00847ACE /* ViewController.swift in Sources */ = {isa = PBXBuildFile; fileRef = 64FB61962ADDD46C00847ACE /* ViewController.swift */; };
		64FB619C2ADDD46D00847ACE /* Assets.xcassets in Resources */ = {isa = PBXBuildFile; fileRef = 64FB619B2ADDD46D00847ACE /* Assets.xcassets */; };
		64FB619F2ADDD46D00847ACE /* LaunchScreen.storyboard in Resources */ = {isa = PBXBuildFile; fileRef = 64FB619D2ADDD46D00847ACE /* LaunchScreen.storyboard */; };
		64FB61AE2ADDD62A00847ACE /* Pokemon.swift in Sources */ = {isa = PBXBuildFile; fileRef = 64FB61AD2ADDD62A00847ACE /* Pokemon.swift */; };
		64FB61B02ADDD65400847ACE /* PokemonViewController.swift in Sources */ = {isa = PBXBuildFile; fileRef = 64FB61AF2ADDD65400847ACE /* PokemonViewController.swift */; };
		64FB61B22ADDD66000847ACE /* PokemonViewModel.swift in Sources */ = {isa = PBXBuildFile; fileRef = 64FB61B12ADDD66000847ACE /* PokemonViewModel.swift */; };
/* End PBXBuildFile section */

/* Begin PBXFileReference section */
		649D47182AE0527800067E02 /* NetworkManager.swift */ = {isa = PBXFileReference; lastKnownFileType = sourcecode.swift; path = NetworkManager.swift; sourceTree = "<group>"; };
		649D471A2AE052DA00067E02 /* Constants.swift */ = {isa = PBXFileReference; lastKnownFileType = sourcecode.swift; path = Constants.swift; sourceTree = "<group>"; };
		649D471D2AE05C4B00067E02 /* UIView+Ext.swift */ = {isa = PBXFileReference; lastKnownFileType = sourcecode.swift; path = "UIView+Ext.swift"; sourceTree = "<group>"; };
		649D47202AE05D9D00067E02 /* PokemonCell.swift */ = {isa = PBXFileReference; lastKnownFileType = sourcecode.swift; path = PokemonCell.swift; sourceTree = "<group>"; };
		649D47222AE0828D00067E02 /* PokemonDetailController.swift */ = {isa = PBXFileReference; lastKnownFileType = sourcecode.swift; path = PokemonDetailController.swift; sourceTree = "<group>"; };
		649D47242AE082A700067E02 /* PokemonDetailViewModel.swift */ = {isa = PBXFileReference; lastKnownFileType = sourcecode.swift; path = PokemonDetailViewModel.swift; sourceTree = "<group>"; };
		64FB618F2ADDD46C00847ACE /* PokemonApp.app */ = {isa = PBXFileReference; explicitFileType = wrapper.application; includeInIndex = 0; path = PokemonApp.app; sourceTree = BUILT_PRODUCTS_DIR; };
		64FB61922ADDD46C00847ACE /* AppDelegate.swift */ = {isa = PBXFileReference; lastKnownFileType = sourcecode.swift; path = AppDelegate.swift; sourceTree = "<group>"; };
		64FB61942ADDD46C00847ACE /* SceneDelegate.swift */ = {isa = PBXFileReference; lastKnownFileType = sourcecode.swift; path = SceneDelegate.swift; sourceTree = "<group>"; };
		64FB61962ADDD46C00847ACE /* ViewController.swift */ = {isa = PBXFileReference; lastKnownFileType = sourcecode.swift; path = ViewController.swift; sourceTree = "<group>"; };
		64FB619B2ADDD46D00847ACE /* Assets.xcassets */ = {isa = PBXFileReference; lastKnownFileType = folder.assetcatalog; path = Assets.xcassets; sourceTree = "<group>"; };
		64FB619E2ADDD46D00847ACE /* Base */ = {isa = PBXFileReference; lastKnownFileType = file.storyboard; name = Base; path = Base.lproj/LaunchScreen.storyboard; sourceTree = "<group>"; };
		64FB61A02ADDD46D00847ACE /* Info.plist */ = {isa = PBXFileReference; lastKnownFileType = text.plist.xml; path = Info.plist; sourceTree = "<group>"; };
		64FB61AD2ADDD62A00847ACE /* Pokemon.swift */ = {isa = PBXFileReference; lastKnownFileType = sourcecode.swift; path = Pokemon.swift; sourceTree = "<group>"; };
		64FB61AF2ADDD65400847ACE /* PokemonViewController.swift */ = {isa = PBXFileReference; lastKnownFileType = sourcecode.swift; path = PokemonViewController.swift; sourceTree = "<group>"; };
		64FB61B12ADDD66000847ACE /* PokemonViewModel.swift */ = {isa = PBXFileReference; lastKnownFileType = sourcecode.swift; path = PokemonViewModel.swift; sourceTree = "<group>"; };
/* End PBXFileReference section */

/* Begin PBXFrameworksBuildPhase section */
		64FB618C2ADDD46C00847ACE /* Frameworks */ = {
			isa = PBXFrameworksBuildPhase;
			buildActionMask = 2147483647;
			files = (
			);
			runOnlyForDeploymentPostprocessing = 0;
		};
/* End PBXFrameworksBuildPhase section */

/* Begin PBXGroup section */
		649D471C2AE05C3800067E02 /* Extensions */ = {
			isa = PBXGroup;
			children = (
				649D471D2AE05C4B00067E02 /* UIView+Ext.swift */,
			);
			path = Extensions;
			sourceTree = "<group>";
		};
		649D471F2AE05D4100067E02 /* Cells */ = {
			isa = PBXGroup;
			children = (
				649D47202AE05D9D00067E02 /* PokemonCell.swift */,
			);
			path = Cells;
			sourceTree = "<group>";
		};
		64FB61862ADDD46C00847ACE = {
			isa = PBXGroup;
			children = (
				64FB61912ADDD46C00847ACE /* PokemonApp */,
				64FB61902ADDD46C00847ACE /* Products */,
			);
			sourceTree = "<group>";
		};
		64FB61902ADDD46C00847ACE /* Products */ = {
			isa = PBXGroup;
			children = (
				64FB618F2ADDD46C00847ACE /* PokemonApp.app */,
			);
			name = Products;
			sourceTree = "<group>";
		};
		64FB61912ADDD46C00847ACE /* PokemonApp */ = {
			isa = PBXGroup;
			children = (
				64FB61AC2ADDD4D000847ACE /* Core */,
				64FB61AB2ADDD4C800847ACE /* Utils */,
				64FB61AA2ADDD4C200847ACE /* Network */,
				64FB61A62ADDD4A900847ACE /* Model */,
				64FB61A72ADDD4AC00847ACE /* View */,
				64FB61A82ADDD4AF00847ACE /* ViewModel */,
			);
			path = PokemonApp;
			sourceTree = "<group>";
		};
		64FB61A62ADDD4A900847ACE /* Model */ = {
			isa = PBXGroup;
			children = (
				64FB61AD2ADDD62A00847ACE /* Pokemon.swift */,
			);
			path = Model;
			sourceTree = "<group>";
		};
		64FB61A72ADDD4AC00847ACE /* View */ = {
			isa = PBXGroup;
			children = (
				649D471F2AE05D4100067E02 /* Cells */,
				64FB61AF2ADDD65400847ACE /* PokemonViewController.swift */,
				649D47222AE0828D00067E02 /* PokemonDetailController.swift */,
			);
			path = View;
			sourceTree = "<group>";
		};
		64FB61A82ADDD4AF00847ACE /* ViewModel */ = {
			isa = PBXGroup;
			children = (
				64FB61B12ADDD66000847ACE /* PokemonViewModel.swift */,
				649D47242AE082A700067E02 /* PokemonDetailViewModel.swift */,
			);
			path = ViewModel;
			sourceTree = "<group>";
		};
		64FB61AA2ADDD4C200847ACE /* Network */ = {
			isa = PBXGroup;
			children = (
				649D47182AE0527800067E02 /* NetworkManager.swift */,
			);
			path = Network;
			sourceTree = "<group>";
		};
		64FB61AB2ADDD4C800847ACE /* Utils */ = {
			isa = PBXGroup;
			children = (
				649D471C2AE05C3800067E02 /* Extensions */,
				649D471A2AE052DA00067E02 /* Constants.swift */,
			);
			path = Utils;
			sourceTree = "<group>";
		};
		64FB61AC2ADDD4D000847ACE /* Core */ = {
			isa = PBXGroup;
			children = (
				64FB61922ADDD46C00847ACE /* AppDelegate.swift */,
				64FB61942ADDD46C00847ACE /* SceneDelegate.swift */,
				64FB61962ADDD46C00847ACE /* ViewController.swift */,
				64FB619B2ADDD46D00847ACE /* Assets.xcassets */,
				64FB619D2ADDD46D00847ACE /* LaunchScreen.storyboard */,
				64FB61A02ADDD46D00847ACE /* Info.plist */,
			);
			path = Core;
			sourceTree = "<group>";
		};
/* End PBXGroup section */

/* Begin PBXNativeTarget section */
		64FB618E2ADDD46C00847ACE /* PokemonApp */ = {
			isa = PBXNativeTarget;
			buildConfigurationList = 64FB61A32ADDD46D00847ACE /* Build configuration list for PBXNativeTarget "PokemonApp" */;
			buildPhases = (
				64FB618B2ADDD46C00847ACE /* Sources */,
				64FB618C2ADDD46C00847ACE /* Frameworks */,
				64FB618D2ADDD46C00847ACE /* Resources */,
			);
			buildRules = (
			);
			dependencies = (
			);
			name = PokemonApp;
			productName = PokemonApp;
			productReference = 64FB618F2ADDD46C00847ACE /* PokemonApp.app */;
			productType = "com.apple.product-type.application";
		};
/* End PBXNativeTarget section */

/* Begin PBXProject section */
		64FB61872ADDD46C00847ACE /* Project object */ = {
			isa = PBXProject;
			attributes = {
				BuildIndependentTargetsInParallel = 1;
				LastSwiftUpdateCheck = 1420;
				LastUpgradeCheck = 1420;
				TargetAttributes = {
					64FB618E2ADDD46C00847ACE = {
						CreatedOnToolsVersion = 14.2;
					};
				};
			};
			buildConfigurationList = 64FB618A2ADDD46C00847ACE /* Build configuration list for PBXProject "PokemonApp" */;
			compatibilityVersion = "Xcode 14.0";
			developmentRegion = en;
			hasScannedForEncodings = 0;
			knownRegions = (
				en,
				Base,
			);
			mainGroup = 64FB61862ADDD46C00847ACE;
			productRefGroup = 64FB61902ADDD46C00847ACE /* Products */;
			projectDirPath = "";
			projectRoot = "";
			targets = (
				64FB618E2ADDD46C00847ACE /* PokemonApp */,
			);
		};
/* End PBXProject section */

/* Begin PBXResourcesBuildPhase section */
		64FB618D2ADDD46C00847ACE /* Resources */ = {
			isa = PBXResourcesBuildPhase;
			buildActionMask = 2147483647;
			files = (
				64FB619F2ADDD46D00847ACE /* LaunchScreen.storyboard in Resources */,
				64FB619C2ADDD46D00847ACE /* Assets.xcassets in Resources */,
			);
			runOnlyForDeploymentPostprocessing = 0;
		};
/* End PBXResourcesBuildPhase section */

/* Begin PBXSourcesBuildPhase section */
		64FB618B2ADDD46C00847ACE /* Sources */ = {
			isa = PBXSourcesBuildPhase;
			buildActionMask = 2147483647;
			files = (
				64FB61972ADDD46C00847ACE /* ViewController.swift in Sources */,
				64FB61B02ADDD65400847ACE /* PokemonViewController.swift in Sources */,
				64FB61B22ADDD66000847ACE /* PokemonViewModel.swift in Sources */,
				649D47192AE0527800067E02 /* NetworkManager.swift in Sources */,
				64FB61AE2ADDD62A00847ACE /* Pokemon.swift in Sources */,
				649D47212AE05D9D00067E02 /* PokemonCell.swift in Sources */,
				649D471E2AE05C4B00067E02 /* UIView+Ext.swift in Sources */,
				64FB61932ADDD46C00847ACE /* AppDelegate.swift in Sources */,
				649D47232AE0828D00067E02 /* PokemonDetailController.swift in Sources */,
				64FB61952ADDD46C00847ACE /* SceneDelegate.swift in Sources */,
				649D471B2AE052DA00067E02 /* Constants.swift in Sources */,
				649D47252AE082A700067E02 /* PokemonDetailViewModel.swift in Sources */,
			);
			runOnlyForDeploymentPostprocessing = 0;
		};
/* End PBXSourcesBuildPhase section */

/* Begin PBXVariantGroup section */
		64FB619D2ADDD46D00847ACE /* LaunchScreen.storyboard */ = {
			isa = PBXVariantGroup;
			children = (
				64FB619E2ADDD46D00847ACE /* Base */,
			);
			name = LaunchScreen.storyboard;
			sourceTree = "<group>";
		};
/* End PBXVariantGroup section */

/* Begin XCBuildConfiguration section */
		64FB61A12ADDD46D00847ACE /* Debug */ = {
			isa = XCBuildConfiguration;
			buildSettings = {
				ALWAYS_SEARCH_USER_PATHS = NO;
				CLANG_ANALYZER_NONNULL = YES;
				CLANG_ANALYZER_NUMBER_OBJECT_CONVERSION = YES_AGGRESSIVE;
				CLANG_CXX_LANGUAGE_STANDARD = "gnu++20";
				CLANG_ENABLE_MODULES = YES;
				CLANG_ENABLE_OBJC_ARC = YES;
				CLANG_ENABLE_OBJC_WEAK = YES;
				CLANG_WARN_BLOCK_CAPTURE_AUTORELEASING = YES;
				CLANG_WARN_BOOL_CONVERSION = YES;
				CLANG_WARN_COMMA = YES;
				CLANG_WARN_CONSTANT_CONVERSION = YES;
				CLANG_WARN_DEPRECATED_OBJC_IMPLEMENTATIONS = YES;
				CLANG_WARN_DIRECT_OBJC_ISA_USAGE = YES_ERROR;
				CLANG_WARN_DOCUMENTATION_COMMENTS = YES;
				CLANG_WARN_EMPTY_BODY = YES;
				CLANG_WARN_ENUM_CONVERSION = YES;
				CLANG_WARN_INFINITE_RECURSION = YES;
				CLANG_WARN_INT_CONVERSION = YES;
				CLANG_WARN_NON_LITERAL_NULL_CONVERSION = YES;
				CLANG_WARN_OBJC_IMPLICIT_RETAIN_SELF = YES;
				CLANG_WARN_OBJC_LITERAL_CONVERSION = YES;
				CLANG_WARN_OBJC_ROOT_CLASS = YES_ERROR;
				CLANG_WARN_QUOTED_INCLUDE_IN_FRAMEWORK_HEADER = YES;
				CLANG_WARN_RANGE_LOOP_ANALYSIS = YES;
				CLANG_WARN_STRICT_PROTOTYPES = YES;
				CLANG_WARN_SUSPICIOUS_MOVE = YES;
				CLANG_WARN_UNGUARDED_AVAILABILITY = YES_AGGRESSIVE;
				CLANG_WARN_UNREACHABLE_CODE = YES;
				CLANG_WARN__DUPLICATE_METHOD_MATCH = YES;
				COPY_PHASE_STRIP = NO;
				DEBUG_INFORMATION_FORMAT = dwarf;
				ENABLE_STRICT_OBJC_MSGSEND = YES;
				ENABLE_TESTABILITY = YES;
				GCC_C_LANGUAGE_STANDARD = gnu11;
				GCC_DYNAMIC_NO_PIC = NO;
				GCC_NO_COMMON_BLOCKS = YES;
				GCC_OPTIMIZATION_LEVEL = 0;
				GCC_PREPROCESSOR_DEFINITIONS = (
					"DEBUG=1",
					"$(inherited)",
				);
				GCC_WARN_64_TO_32_BIT_CONVERSION = YES;
				GCC_WARN_ABOUT_RETURN_TYPE = YES_ERROR;
				GCC_WARN_UNDECLARED_SELECTOR = YES;
				GCC_WARN_UNINITIALIZED_AUTOS = YES_AGGRESSIVE;
				GCC_WARN_UNUSED_FUNCTION = YES;
				GCC_WARN_UNUSED_VARIABLE = YES;
				IPHONEOS_DEPLOYMENT_TARGET = 16.2;
				MTL_ENABLE_DEBUG_INFO = INCLUDE_SOURCE;
				MTL_FAST_MATH = YES;
				ONLY_ACTIVE_ARCH = YES;
				SDKROOT = iphoneos;
				SWIFT_ACTIVE_COMPILATION_CONDITIONS = DEBUG;
				SWIFT_OPTIMIZATION_LEVEL = "-Onone";
			};
			name = Debug;
		};
		64FB61A22ADDD46D00847ACE /* Release */ = {
			isa = XCBuildConfiguration;
			buildSettings = {
				ALWAYS_SEARCH_USER_PATHS = NO;
				CLANG_ANALYZER_NONNULL = YES;
				CLANG_ANALYZER_NUMBER_OBJECT_CONVERSION = YES_AGGRESSIVE;
				CLANG_CXX_LANGUAGE_STANDARD = "gnu++20";
				CLANG_ENABLE_MODULES = YES;
				CLANG_ENABLE_OBJC_ARC = YES;
				CLANG_ENABLE_OBJC_WEAK = YES;
				CLANG_WARN_BLOCK_CAPTURE_AUTORELEASING = YES;
				CLANG_WARN_BOOL_CONVERSION = YES;
				CLANG_WARN_COMMA = YES;
				CLANG_WARN_CONSTANT_CONVERSION = YES;
				CLANG_WARN_DEPRECATED_OBJC_IMPLEMENTATIONS = YES;
				CLANG_WARN_DIRECT_OBJC_ISA_USAGE = YES_ERROR;
				CLANG_WARN_DOCUMENTATION_COMMENTS = YES;
				CLANG_WARN_EMPTY_BODY = YES;
				CLANG_WARN_ENUM_CONVERSION = YES;
				CLANG_WARN_INFINITE_RECURSION = YES;
				CLANG_WARN_INT_CONVERSION = YES;
				CLANG_WARN_NON_LITERAL_NULL_CONVERSION = YES;
				CLANG_WARN_OBJC_IMPLICIT_RETAIN_SELF = YES;
				CLANG_WARN_OBJC_LITERAL_CONVERSION = YES;
				CLANG_WARN_OBJC_ROOT_CLASS = YES_ERROR;
				CLANG_WARN_QUOTED_INCLUDE_IN_FRAMEWORK_HEADER = YES;
				CLANG_WARN_RANGE_LOOP_ANALYSIS = YES;
				CLANG_WARN_STRICT_PROTOTYPES = YES;
				CLANG_WARN_SUSPICIOUS_MOVE = YES;
				CLANG_WARN_UNGUARDED_AVAILABILITY = YES_AGGRESSIVE;
				CLANG_WARN_UNREACHABLE_CODE = YES;
				CLANG_WARN__DUPLICATE_METHOD_MATCH = YES;
				COPY_PHASE_STRIP = NO;
				DEBUG_INFORMATION_FORMAT = "dwarf-with-dsym";
				ENABLE_NS_ASSERTIONS = NO;
				ENABLE_STRICT_OBJC_MSGSEND = YES;
				GCC_C_LANGUAGE_STANDARD = gnu11;
				GCC_NO_COMMON_BLOCKS = YES;
				GCC_WARN_64_TO_32_BIT_CONVERSION = YES;
				GCC_WARN_ABOUT_RETURN_TYPE = YES_ERROR;
				GCC_WARN_UNDECLARED_SELECTOR = YES;
				GCC_WARN_UNINITIALIZED_AUTOS = YES_AGGRESSIVE;
				GCC_WARN_UNUSED_FUNCTION = YES;
				GCC_WARN_UNUSED_VARIABLE = YES;
				IPHONEOS_DEPLOYMENT_TARGET = 16.2;
				MTL_ENABLE_DEBUG_INFO = NO;
				MTL_FAST_MATH = YES;
				SDKROOT = iphoneos;
				SWIFT_COMPILATION_MODE = wholemodule;
				SWIFT_OPTIMIZATION_LEVEL = "-O";
				VALIDATE_PRODUCT = YES;
			};
			name = Release;
		};
		64FB61A42ADDD46D00847ACE /* Debug */ = {
			isa = XCBuildConfiguration;
			buildSettings = {
				ASSETCATALOG_COMPILER_APPICON_NAME = AppIcon;
				ASSETCATALOG_COMPILER_GLOBAL_ACCENT_COLOR_NAME = AccentColor;
				CODE_SIGN_STYLE = Automatic;
				CURRENT_PROJECT_VERSION = 1;
				GENERATE_INFOPLIST_FILE = YES;
				INFOPLIST_FILE = PokemonApp/Core/Info.plist;
				INFOPLIST_KEY_UIApplicationSupportsIndirectInputEvents = YES;
				INFOPLIST_KEY_UILaunchStoryboardName = LaunchScreen;
				INFOPLIST_KEY_UISupportedInterfaceOrientations_iPad = "UIInterfaceOrientationPortrait UIInterfaceOrientationPortraitUpsideDown UIInterfaceOrientationLandscapeLeft UIInterfaceOrientationLandscapeRight";
				INFOPLIST_KEY_UISupportedInterfaceOrientations_iPhone = "UIInterfaceOrientationPortrait UIInterfaceOrientationLandscapeLeft UIInterfaceOrientationLandscapeRight";
				LD_RUNPATH_SEARCH_PATHS = (
					"$(inherited)",
					"@executable_path/Frameworks",
				);
				MARKETING_VERSION = 1.0;
				PRODUCT_BUNDLE_IDENTIFIER = co.bahittin.PokemonApp;
				PRODUCT_NAME = "$(TARGET_NAME)";
				SWIFT_EMIT_LOC_STRINGS = YES;
				SWIFT_VERSION = 5.0;
				TARGETED_DEVICE_FAMILY = "1,2";
			};
			name = Debug;
		};
		64FB61A52ADDD46D00847ACE /* Release */ = {
			isa = XCBuildConfiguration;
			buildSettings = {
				ASSETCATALOG_COMPILER_APPICON_NAME = AppIcon;
				ASSETCATALOG_COMPILER_GLOBAL_ACCENT_COLOR_NAME = AccentColor;
				CODE_SIGN_STYLE = Automatic;
				CURRENT_PROJECT_VERSION = 1;
				GENERATE_INFOPLIST_FILE = YES;
				INFOPLIST_FILE = PokemonApp/Core/Info.plist;
				INFOPLIST_KEY_UIApplicationSupportsIndirectInputEvents = YES;
				INFOPLIST_KEY_UILaunchStoryboardName = LaunchScreen;
				INFOPLIST_KEY_UISupportedInterfaceOrientations_iPad = "UIInterfaceOrientationPortrait UIInterfaceOrientationPortraitUpsideDown UIInterfaceOrientationLandscapeLeft UIInterfaceOrientationLandscapeRight";
				INFOPLIST_KEY_UISupportedInterfaceOrientations_iPhone = "UIInterfaceOrientationPortrait UIInterfaceOrientationLandscapeLeft UIInterfaceOrientationLandscapeRight";
				LD_RUNPATH_SEARCH_PATHS = (
					"$(inherited)",
					"@executable_path/Frameworks",
				);
				MARKETING_VERSION = 1.0;
				PRODUCT_BUNDLE_IDENTIFIER = co.bahittin.PokemonApp;
				PRODUCT_NAME = "$(TARGET_NAME)";
				SWIFT_EMIT_LOC_STRINGS = YES;
				SWIFT_VERSION = 5.0;
				TARGETED_DEVICE_FAMILY = "1,2";
			};
			name = Release;
		};
/* End XCBuildConfiguration section */

/* Begin XCConfigurationList section */
		64FB618A2ADDD46C00847ACE /* Build configuration list for PBXProject "PokemonApp" */ = {
			isa = XCConfigurationList;
			buildConfigurations = (
				64FB61A12ADDD46D00847ACE /* Debug */,
				64FB61A22ADDD46D00847ACE /* Release */,
			);
			defaultConfigurationIsVisible = 0;
			defaultConfigurationName = Release;
		};
		64FB61A32ADDD46D00847ACE /* Build configuration list for PBXNativeTarget "PokemonApp" */ = {
			isa = XCConfigurationList;
			buildConfigurations = (
				64FB61A42ADDD46D00847ACE /* Debug */,
				64FB61A52ADDD46D00847ACE /* Release */,
			);
			defaultConfigurationIsVisible = 0;
			defaultConfigurationName = Release;
		};
/* End XCConfigurationList section */
	};
	rootObject = 64FB61872ADDD46C00847ACE /* Project object */;
}
